// !$*UTF8*$!
{
	archiveVersion = 1;
	classes = {
	};
	objectVersion = 50;
	objects = {

/* Begin PBXBuildFile section */
		D35168EA242A6211007E655D /* AppDelegate.swift in Sources */ = {isa = PBXBuildFile; fileRef = D35168E9242A6211007E655D /* AppDelegate.swift */; };
		D35168EC242A6211007E655D /* ViewController.swift in Sources */ = {isa = PBXBuildFile; fileRef = D35168EB242A6211007E655D /* ViewController.swift */; };
		D35168EF242A6211007E655D /* Main.storyboard in Resources */ = {isa = PBXBuildFile; fileRef = D35168ED242A6211007E655D /* Main.storyboard */; };
		D35168F2242A6211007E655D /* My_Shoot.xcdatamodeld in Sources */ = {isa = PBXBuildFile; fileRef = D35168F0242A6211007E655D /* My_Shoot.xcdatamodeld */; };
		D35168F4242A6217007E655D /* Assets.xcassets in Resources */ = {isa = PBXBuildFile; fileRef = D35168F3242A6217007E655D /* Assets.xcassets */; };
		D35168F7242A6217007E655D /* LaunchScreen.storyboard in Resources */ = {isa = PBXBuildFile; fileRef = D35168F5242A6217007E655D /* LaunchScreen.storyboard */; };
/* End PBXBuildFile section */

/* Begin PBXFileReference section */
		D35168E6242A6211007E655D /* My Shoot.app */ = {isa = PBXFileReference; explicitFileType = wrapper.application; includeInIndex = 0; path = "My Shoot.app"; sourceTree = BUILT_PRODUCTS_DIR; };
		D35168E9242A6211007E655D /* AppDelegate.swift */ = {isa = PBXFileReference; lastKnownFileType = sourcecode.swift; path = AppDelegate.swift; sourceTree = "<group>"; };
		D35168EB242A6211007E655D /* ViewController.swift */ = {isa = PBXFileReference; lastKnownFileType = sourcecode.swift; path = ViewController.swift; sourceTree = "<group>"; };
		D35168EE242A6211007E655D /* Base */ = {isa = PBXFileReference; lastKnownFileType = file.storyboard; name = Base; path = Base.lproj/Main.storyboard; sourceTree = "<group>"; };
		D35168F1242A6211007E655D /* My_Shoot.xcdatamodel */ = {isa = PBXFileReference; lastKnownFileType = wrapper.xcdatamodel; path = My_Shoot.xcdatamodel; sourceTree = "<group>"; };
		D35168F3242A6217007E655D /* Assets.xcassets */ = {isa = PBXFileReference; lastKnownFileType = folder.assetcatalog; path = Assets.xcassets; sourceTree = "<group>"; };
		D35168F6242A6217007E655D /* Base */ = {isa = PBXFileReference; lastKnownFileType = file.storyboard; name = Base; path = Base.lproj/LaunchScreen.storyboard; sourceTree = "<group>"; };
		D35168F8242A6217007E655D /* Info.plist */ = {isa = PBXFileReference; lastKnownFileType = text.plist.xml; path = Info.plist; sourceTree = "<group>"; };
/* End PBXFileReference section */

/* Begin PBXFrameworksBuildPhase section */
		D35168E3242A6211007E655D /* Frameworks */ = {
			isa = PBXFrameworksBuildPhase;
			buildActionMask = 2147483647;
			files = (
			);
			runOnlyForDeploymentPostprocessing = 0;
		};
/* End PBXFrameworksBuildPhase section */

/* Begin PBXGroup section */
		D35168DD242A6211007E655D = {
			isa = PBXGroup;
			children = (
				D35168E8242A6211007E655D /* My Shoot */,
				D35168E7242A6211007E655D /* Products */,
			);
			sourceTree = "<group>";
		};
		D35168E7242A6211007E655D /* Products */ = {
			isa = PBXGroup;
			children = (
				D35168E6242A6211007E655D /* My Shoot.app */,
			);
			name = Products;
			sourceTree = "<group>";
		};
		D35168E8242A6211007E655D /* My Shoot */ = {
			isa = PBXGroup;
			children = (
				D35168E9242A6211007E655D /* AppDelegate.swift */,
				D35168EB242A6211007E655D /* ViewController.swift */,
				D35168ED242A6211007E655D /* Main.storyboard */,
				D35168F3242A6217007E655D /* Assets.xcassets */,
				D35168F5242A6217007E655D /* LaunchScreen.storyboard */,
				D35168F8242A6217007E655D /* Info.plist */,
				D35168F0242A6211007E655D /* My_Shoot.xcdatamodeld */,
			);
			path = "My Shoot";
			sourceTree = "<group>";
		};
/* End PBXGroup section */

/* Begin PBXNativeTarget section */
		D35168E5242A6211007E655D /* My Shoot */ = {
			isa = PBXNativeTarget;
			buildConfigurationList = D35168FB242A6218007E655D /* Build configuration list for PBXNativeTarget "My Shoot" */;
			buildPhases = (
				D35168E2242A6211007E655D /* Sources */,
				D35168E3242A6211007E655D /* Frameworks */,
				D35168E4242A6211007E655D /* Resources */,
			);
			buildRules = (
			);
			dependencies = (
			);
			name = "My Shoot";
			productName = "My Shoot";
			productReference = D35168E6242A6211007E655D /* My Shoot.app */;
			productType = "com.apple.product-type.application";
		};
/* End PBXNativeTarget section */

/* Begin PBXProject section */
		D35168DE242A6211007E655D /* Project object */ = {
			isa = PBXProject;
			attributes = {
				LastSwiftUpdateCheck = 1030;
				LastUpgradeCheck = 1030;
				ORGANIZATIONNAME = "Mohamed Ali";
				TargetAttributes = {
					D35168E5242A6211007E655D = {
						CreatedOnToolsVersion = 10.3;
					};
				};
			};
			buildConfigurationList = D35168E1242A6211007E655D /* Build configuration list for PBXProject "My Shoot" */;
			compatibilityVersion = "Xcode 9.3";
			developmentRegion = en;
			hasScannedForEncodings = 0;
			knownRegions = (
				en,
				Base,
			);
			mainGroup = D35168DD242A6211007E655D;
			productRefGroup = D35168E7242A6211007E655D /* Products */;
			projectDirPath = "";
			projectRoot = "";
			targets = (
				D35168E5242A6211007E655D /* My Shoot */,
			);
		};
/* End PBXProject section */

/* Begin PBXResourcesBuildPhase section */
		D35168E4242A6211007E655D /* Resources */ = {
			isa = PBXResourcesBuildPhase;
			buildActionMask = 2147483647;
			files = (
				D35168F7242A6217007E655D /* LaunchScreen.storyboard in Resources */,
				D35168F4242A6217007E655D /* Assets.xcassets in Resources */,
				D35168EF242A6211007E655D /* Main.storyboard in Resources */,
			);
			runOnlyForDeploymentPostprocessing = 0;
		};
/* End PBXResourcesBuildPhase section */

/* Begin PBXSourcesBuildPhase section */
		D35168E2242A6211007E655D /* Sources */ = {
			isa = PBXSourcesBuildPhase;
			buildActionMask = 2147483647;
			files = (
				D35168EC242A6211007E655D /* ViewController.swift in Sources */,
				D35168F2242A6211007E655D /* My_Shoot.xcdatamodeld in Sources */,
				D35168EA242A6211007E655D /* AppDelegate.swift in Sources */,
			);
			runOnlyForDeploymentPostprocessing = 0;
		};
/* End PBXSourcesBuildPhase section */

/* Begin PBXVariantGroup section */
		D35168ED242A6211007E655D /* Main.storyboard */ = {
			isa = PBXVariantGroup;
			children = (
				D35168EE242A6211007E655D /* Base */,
			);
			name = Main.storyboard;
			sourceTree = "<group>";
		};
		D35168F5242A6217007E655D /* LaunchScreen.storyboard */ = {
			isa = PBXVariantGroup;
			children = (
				D35168F6242A6217007E655D /* Base */,
			);
			name = LaunchScreen.storyboard;
			sourceTree = "<group>";
		};
/* End PBXVariantGroup section */

/* Begin XCBuildConfiguration section */
		D35168F9242A6218007E655D /* Debug */ = {
			isa = XCBuildConfiguration;
			buildSettings = {
				ALWAYS_SEARCH_USER_PATHS = NO;
				CLANG_ANALYZER_NONNULL = YES;
				CLANG_ANALYZER_NUMBER_OBJECT_CONVERSION = YES_AGGRESSIVE;
				CLANG_CXX_LANGUAGE_STANDARD = "gnu++14";
				CLANG_CXX_LIBRARY = "libc++";
				CLANG_ENABLE_MODULES = YES;
				CLANG_ENABLE_OBJC_ARC = YES;
				CLANG_ENABLE_OBJC_WEAK = YES;
				CLANG_WARN_BLOCK_CAPTURE_AUTORELEASING = YES;
				CLANG_WARN_BOOL_CONVERSION = YES;
				CLANG_WARN_COMMA = YES;
				CLANG_WARN_CONSTANT_CONVERSION = YES;
				CLANG_WARN_DEPRECATED_OBJC_IMPLEMENTATIONS = YES;
				CLANG_WARN_DIRECT_OBJC_ISA_USAGE = YES_ERROR;
				CLANG_WARN_DOCUMENTATION_COMMENTS = YES;
				CLANG_WARN_EMPTY_BODY = YES;
				CLANG_WARN_ENUM_CONVERSION = YES;
				CLANG_WARN_INFINITE_RECURSION = YES;
				CLANG_WARN_INT_CONVERSION = YES;
				CLANG_WARN_NON_LITERAL_NULL_CONVERSION = YES;
				CLANG_WARN_OBJC_IMPLICIT_RETAIN_SELF = YES;
				CLANG_WARN_OBJC_LITERAL_CONVERSION = YES;
				CLANG_WARN_OBJC_ROOT_CLASS = YES_ERROR;
				CLANG_WARN_RANGE_LOOP_ANALYSIS = YES;
				CLANG_WARN_STRICT_PROTOTYPES = YES;
				CLANG_WARN_SUSPICIOUS_MOVE = YES;
				CLANG_WARN_UNGUARDED_AVAILABILITY = YES_AGGRESSIVE;
				CLANG_WARN_UNREACHABLE_CODE = YES;
				CLANG_WARN__DUPLICATE_METHOD_MATCH = YES;
				CODE_SIGN_IDENTITY = "iPhone Developer";
				COPY_PHASE_STRIP = NO;
				DEBUG_INFORMATION_FORMAT = dwarf;
				ENABLE_STRICT_OBJC_MSGSEND = YES;
				ENABLE_TESTABILITY = YES;
				GCC_C_LANGUAGE_STANDARD = gnu11;
				GCC_DYNAMIC_NO_PIC = NO;
				GCC_NO_COMMON_BLOCKS = YES;
				GCC_OPTIMIZATION_LEVEL = 0;
				GCC_PREPROCESSOR_DEFINITIONS = (
					"DEBUG=1",
					"$(inherited)",
				);
				GCC_WARN_64_TO_32_BIT_CONVERSION = YES;
				GCC_WARN_ABOUT_RETURN_TYPE = YES_ERROR;
				GCC_WARN_UNDECLARED_SELECTOR = YES;
				GCC_WARN_UNINITIALIZED_AUTOS = YES_AGGRESSIVE;
				GCC_WARN_UNUSED_FUNCTION = YES;
				GCC_WARN_UNUSED_VARIABLE = YES;
				IPHONEOS_DEPLOYMENT_TARGET = 12.4;
				MTL_ENABLE_DEBUG_INFO = INCLUDE_SOURCE;
				MTL_FAST_MATH = YES;
				ONLY_ACTIVE_ARCH = YES;
				SDKROOT = iphoneos;
				SWIFT_ACTIVE_COMPILATION_CONDITIONS = DEBUG;
				SWIFT_OPTIMIZATION_LEVEL = "-Onone";
			};
			name = Debug;
		};
		D35168FA242A6218007E655D /* Release */ = {
			isa = XCBuildConfiguration;
			buildSettings = {
				ALWAYS_SEARCH_USER_PATHS = NO;
				CLANG_ANALYZER_NONNULL = YES;
				CLANG_ANALYZER_NUMBER_OBJECT_CONVERSION = YES_AGGRESSIVE;
				CLANG_CXX_LANGUAGE_STANDARD = "gnu++14";
				CLANG_CXX_LIBRARY = "libc++";
				CLANG_ENABLE_MODULES = YES;
				CLANG_ENABLE_OBJC_ARC = YES;
				CLANG_ENABLE_OBJC_WEAK = YES;
				CLANG_WARN_BLOCK_CAPTURE_AUTORELEASING = YES;
				CLANG_WARN_BOOL_CONVERSION = YES;
				CLANG_WARN_COMMA = YES;
				CLANG_WARN_CONSTANT_CONVERSION = YES;
				CLANG_WARN_DEPRECATED_OBJC_IMPLEMENTATIONS = YES;
				CLANG_WARN_DIRECT_OBJC_ISA_USAGE = YES_ERROR;
				CLANG_WARN_DOCUMENTATION_COMMENTS = YES;
				CLANG_WARN_EMPTY_BODY = YES;
				CLANG_WARN_ENUM_CONVERSION = YES;
				CLANG_WARN_INFINITE_RECURSION = YES;
				CLANG_WARN_INT_CONVERSION = YES;
				CLANG_WARN_NON_LITERAL_NULL_CONVERSION = YES;
				CLANG_WARN_OBJC_IMPLICIT_RETAIN_SELF = YES;
				CLANG_WARN_OBJC_LITERAL_CONVERSION = YES;
				CLANG_WARN_OBJC_ROOT_CLASS = YES_ERROR;
				CLANG_WARN_RANGE_LOOP_ANALYSIS = YES;
				CLANG_WARN_STRICT_PROTOTYPES = YES;
				CLANG_WARN_SUSPICIOUS_MOVE = YES;
				CLANG_WARN_UNGUARDED_AVAILABILITY = YES_AGGRESSIVE;
				CLANG_WARN_UNREACHABLE_CODE = YES;
				CLANG_WARN__DUPLICATE_METHOD_MATCH = YES;
				CODE_SIGN_IDENTITY = "iPhone Developer";
				COPY_PHASE_STRIP = NO;
				DEBUG_INFORMATION_FORMAT = "dwarf-with-dsym";
				ENABLE_NS_ASSERTIONS = NO;
				ENABLE_STRICT_OBJC_MSGSEND = YES;
				GCC_C_LANGUAGE_STANDARD = gnu11;
				GCC_NO_COMMON_BLOCKS = YES;
				GCC_WARN_64_TO_32_BIT_CONVERSION = YES;
				GCC_WARN_ABOUT_RETURN_TYPE = YES_ERROR;
				GCC_WARN_UNDECLARED_SELECTOR = YES;
				GCC_WARN_UNINITIALIZED_AUTOS = YES_AGGRESSIVE;
				GCC_WARN_UNUSED_FUNCTION = YES;
				GCC_WARN_UNUSED_VARIABLE = YES;
				IPHONEOS_DEPLOYMENT_TARGET = 12.4;
				MTL_ENABLE_DEBUG_INFO = NO;
				MTL_FAST_MATH = YES;
				SDKROOT = iphoneos;
				SWIFT_COMPILATION_MODE = wholemodule;
				SWIFT_OPTIMIZATION_LEVEL = "-O";
				VALIDATE_PRODUCT = YES;
			};
			name = Release;
		};
		D35168FC242A6218007E655D /* Debug */ = {
			isa = XCBuildConfiguration;
			buildSettings = {
				ASSETCATALOG_COMPILER_APPICON_NAME = AppIcon;
				CODE_SIGN_STYLE = Automatic;
				DEVELOPMENT_TEAM = 6NBM9PQRD2;
				INFOPLIST_FILE = "My Shoot/Info.plist";
				LD_RUNPATH_SEARCH_PATHS = (
					"$(inherited)",
					"@executable_path/Frameworks",
				);
				PRODUCT_BUNDLE_IDENTIFIER = "MyCompany199.My-Shoot";
				PRODUCT_NAME = "$(TARGET_NAME)";
				SWIFT_VERSION = 5.0;
				TARGETED_DEVICE_FAMILY = "1,2";
			};
			name = Debug;
		};
		D35168FD242A6218007E655D /* Release */ = {
			isa = XCBuildConfiguration;
			buildSettings = {
				ASSETCATALOG_COMPILER_APPICON_NAME = AppIcon;
				CODE_SIGN_STYLE = Automatic;
				DEVELOPMENT_TEAM = 6NBM9PQRD2;
				INFOPLIST_FILE = "My Shoot/Info.plist";
				LD_RUNPATH_SEARCH_PATHS = (
					"$(inherited)",
					"@executable_path/Frameworks",
				);
				PRODUCT_BUNDLE_IDENTIFIER = "MyCompany199.My-Shoot";
				PRODUCT_NAME = "$(TARGET_NAME)";
				SWIFT_VERSION = 5.0;
				TARGETED_DEVICE_FAMILY = "1,2";
			};
			name = Release;
		};
/* End XCBuildConfiguration section */

/* Begin XCConfigurationList section */
		D35168E1242A6211007E655D /* Build configuration list for PBXProject "My Shoot" */ = {
			isa = XCConfigurationList;
			buildConfigurations = (
				D35168F9242A6218007E655D /* Debug */,
				D35168FA242A6218007E655D /* Release */,
			);
			defaultConfigurationIsVisible = 0;
			defaultConfigurationName = Release;
		};
		D35168FB242A6218007E655D /* Build configuration list for PBXNativeTarget "My Shoot" */ = {
			isa = XCConfigurationList;
			buildConfigurations = (
				D35168FC242A6218007E655D /* Debug */,
				D35168FD242A6218007E655D /* Release */,
			);
			defaultConfigurationIsVisible = 0;
			defaultConfigurationName = Release;
		};
/* End XCConfigurationList section */

/* Begin XCVersionGroup section */
		D35168F0242A6211007E655D /* My_Shoot.xcdatamodeld */ = {
			isa = XCVersionGroup;
			children = (
				D35168F1242A6211007E655D /* My_Shoot.xcdatamodel */,
			);
			currentVersion = D35168F1242A6211007E655D /* My_Shoot.xcdatamodel */;
			path = My_Shoot.xcdatamodeld;
			sourceTree = "<group>";
			versionGroupType = wrapper.xcdatamodel;
		};
/* End XCVersionGroup section */
	};
	rootObject = D35168DE242A6211007E655D /* Project object */;
}
